
Microsoft Visual Studio Solution File, Format Version 12.00
# Visual Studio Version 16
VisualStudioVersion = 16.0.810.11
MinimumVisualStudioVersion = 10.0.40219.1
Project("{FAE04EC0-301F-11D3-BF4B-00C04F79EFBC}") = "Moneyhub.ApiClient", "Moneyhub.ApiClient\Moneyhub.ApiClient.csproj", "{765E4545-DCB0-4ACC-A185-327D703DD7DF}"
EndProject
Project("{FAE04EC0-301F-11D3-BF4B-00C04F79EFBC}") = "Moneyhub.ApiClient.Sample", "Moneyhub.ApiClient.Sample\Moneyhub.ApiClient.Sample.csproj", "{C7FF337E-C21D-4D48-A8A0-BC7F9422DF04}"
EndProject
Global
	GlobalSection(SolutionConfigurationPlatforms) = preSolution
		Debug|Any CPU = Debug|Any CPU
		Release|Any CPU = Release|Any CPU
	EndGlobalSection
	GlobalSection(ProjectConfigurationPlatforms) = postSolution
		{765E4545-DCB0-4ACC-A185-327D703DD7DF}.Debug|Any CPU.ActiveCfg = Debug|Any CPU
		{765E4545-DCB0-4ACC-A185-327D703DD7DF}.Debug|Any CPU.Build.0 = Debug|Any CPU
		{765E4545-DCB0-4ACC-A185-327D703DD7DF}.Release|Any CPU.ActiveCfg = Release|Any CPU
		{765E4545-DCB0-4ACC-A185-327D703DD7DF}.Release|Any CPU.Build.0 = Release|Any CPU
		{C7FF337E-C21D-4D48-A8A0-BC7F9422DF04}.Debug|Any CPU.ActiveCfg = Debug|Any CPU
		{C7FF337E-C21D-4D48-A8A0-BC7F9422DF04}.Debug|Any CPU.Build.0 = Debug|Any CPU
		{C7FF337E-C21D-4D48-A8A0-BC7F9422DF04}.Release|Any CPU.ActiveCfg = Release|Any CPU
		{C7FF337E-C21D-4D48-A8A0-BC7F9422DF04}.Release|Any CPU.Build.0 = Release|Any CPU
	EndGlobalSection
	GlobalSection(SolutionProperties) = preSolution
		HideSolutionNode = FALSE
	EndGlobalSection
	GlobalSection(ExtensibilityGlobals) = postSolution
		SolutionGuid = {FB2B7285-94B1-4EF0-8197-35849EDBD439}
	EndGlobalSection
EndGlobal
